
Microsoft Visual Studio Solution File, Format Version 12.00
# Visual Studio 15
VisualStudioVersion = 15.0.27703.2035
MinimumVisualStudioVersion = 10.0.40219.1
Project("{FAE04EC0-301F-11D3-BF4B-00C04F79EFBC}") = "program1", "program1\program1.csproj", "{FEBBBE4C-4F7D-4100-A1D6-2D2E3945864C}"
EndProject
Project("{FAE04EC0-301F-11D3-BF4B-00C04F79EFBC}") = "program2", "program2\program2.csproj", "{3AAC053B-32EE-4DAE-817F-354DD941A02F}"
EndProject
Global
	GlobalSection(SolutionConfigurationPlatforms) = preSolution
		Debug|Any CPU = Debug|Any CPU
		Release|Any CPU = Release|Any CPU
	EndGlobalSection
	GlobalSection(ProjectConfigurationPlatforms) = postSolution
		{FEBBBE4C-4F7D-4100-A1D6-2D2E3945864C}.Debug|Any CPU.ActiveCfg = Debug|Any CPU
		{FEBBBE4C-4F7D-4100-A1D6-2D2E3945864C}.Debug|Any CPU.Build.0 = Debug|Any CPU
		{FEBBBE4C-4F7D-4100-A1D6-2D2E3945864C}.Release|Any CPU.ActiveCfg = Release|Any CPU
		{FEBBBE4C-4F7D-4100-A1D6-2D2E3945864C}.Release|Any CPU.Build.0 = Release|Any CPU
		{3AAC053B-32EE-4DAE-817F-354DD941A02F}.Debug|Any CPU.ActiveCfg = Debug|Any CPU
		{3AAC053B-32EE-4DAE-817F-354DD941A02F}.Debug|Any CPU.Build.0 = Debug|Any CPU
		{3AAC053B-32EE-4DAE-817F-354DD941A02F}.Release|Any CPU.ActiveCfg = Release|Any CPU
		{3AAC053B-32EE-4DAE-817F-354DD941A02F}.Release|Any CPU.Build.0 = Release|Any CPU
	EndGlobalSection
	GlobalSection(SolutionProperties) = preSolution
		HideSolutionNode = FALSE
	EndGlobalSection
	GlobalSection(ExtensibilityGlobals) = postSolution
		SolutionGuid = {A94BCA6B-9099-4740-B0A0-33394AC1620F}
	EndGlobalSection
EndGlobal
